PODS:
  - Gifu (3.2.0)
  - SwiftGifOrigin (1.7.0)
  - TinyConstraints (4.0.1)

DEPENDENCIES:
  - Gifu (~> 3.2.0)
  - SwiftGifOrigin (~> 1.7.0)
  - TinyConstraints (~> 4.0.0)

SPEC REPOS:
  trunk:
    - Gifu
    - SwiftGifOrigin
    - TinyConstraints

SPEC CHECKSUMS:
  Gifu: 7bcb6427457d85e0b4dff5a84ec5947ac19a93ea
  SwiftGifOrigin: fbd6cf37afcfcf97a5c3db996ddc0492e5c5c145
  TinyConstraints: 8dd91295e56797648c7bc335dd20e1d91ec4c192

PODFILE CHECKSUM: 7f948229e32e0e0b2004a8d749bc4b225eb49a51

COCOAPODS: 1.8.4
