// !$*UTF8*$!
{
	archiveVersion = 1;
	classes = {
	};
	objectVersion = 50;
	objects = {

/* Begin PBXBuildFile section */
		E31EB372235B547D0096509F /* AppDelegate.swift in Sources */ = {isa = PBXBuildFile; fileRef = E31EB371235B547D0096509F /* AppDelegate.swift */; };
		E31EB374235B547D0096509F /* ViewController.swift in Sources */ = {isa = PBXBuildFile; fileRef = E31EB373235B547D0096509F /* ViewController.swift */; };
		E31EB377235B547D0096509F /* Main.storyboard in Resources */ = {isa = PBXBuildFile; fileRef = E31EB375235B547D0096509F /* Main.storyboard */; };
		E31EB379235B547E0096509F /* Assets.xcassets in Resources */ = {isa = PBXBuildFile; fileRef = E31EB378235B547E0096509F /* Assets.xcassets */; };
		E31EB37C235B547E0096509F /* LaunchScreen.storyboard in Resources */ = {isa = PBXBuildFile; fileRef = E31EB37A235B547E0096509F /* LaunchScreen.storyboard */; };
		E31EB387235B547E0096509F /* prototypeTests.swift in Sources */ = {isa = PBXBuildFile; fileRef = E31EB386235B547E0096509F /* prototypeTests.swift */; };
		E33390A623788F9900E5E2C9 /* MenuViewController.swift in Sources */ = {isa = PBXBuildFile; fileRef = E33390A523788F9900E5E2C9 /* MenuViewController.swift */; };
		E38D7EDD235B62FD00ADACA8 /* stressReliefViewController.swift in Sources */ = {isa = PBXBuildFile; fileRef = E38D7EDC235B62FD00ADACA8 /* stressReliefViewController.swift */; };
		E38D7EDF235B672700ADACA8 /* FoodViewController.swift in Sources */ = {isa = PBXBuildFile; fileRef = E38D7EDE235B672700ADACA8 /* FoodViewController.swift */; };
		E38D7EE1235B69A200ADACA8 /* ActivitiesViewController.swift in Sources */ = {isa = PBXBuildFile; fileRef = E38D7EE0235B69A200ADACA8 /* ActivitiesViewController.swift */; };
		E38D7EE3235B6A4E00ADACA8 /* MapViewController.swift in Sources */ = {isa = PBXBuildFile; fileRef = E38D7EE2235B6A4E00ADACA8 /* MapViewController.swift */; };
		E38D7EE5235B6A6000ADACA8 /* ChatViewController.swift in Sources */ = {isa = PBXBuildFile; fileRef = E38D7EE4235B6A6000ADACA8 /* ChatViewController.swift */; };
		E3DAB8762379F301001BAE4C /* youngEventsViewController.swift in Sources */ = {isa = PBXBuildFile; fileRef = E3DAB8752379F301001BAE4C /* youngEventsViewController.swift */; };
		E3DAB8782379F9AB001BAE4C /* StarbucksViewController.swift in Sources */ = {isa = PBXBuildFile; fileRef = E3DAB8772379F9AB001BAE4C /* StarbucksViewController.swift */; };
		E3DAB87A2379FD6E001BAE4C /* GetawayFoodViewController.swift in Sources */ = {isa = PBXBuildFile; fileRef = E3DAB8792379FD6E001BAE4C /* GetawayFoodViewController.swift */; };
		E3DAB87C2379FD81001BAE4C /* SubwayViewController.swift in Sources */ = {isa = PBXBuildFile; fileRef = E3DAB87B2379FD81001BAE4C /* SubwayViewController.swift */; };
		E3DAB87E2379FD8E001BAE4C /* EinsteinViewController.swift in Sources */ = {isa = PBXBuildFile; fileRef = E3DAB87D2379FD8E001BAE4C /* EinsteinViewController.swift */; };
		EB621D0D2360CB0C00788620 /* cafes.swift in Sources */ = {isa = PBXBuildFile; fileRef = EB621D0C2360CB0C00788620 /* cafes.swift */; };
/* End PBXBuildFile section */

/* Begin PBXContainerItemProxy section */
		E31EB383235B547E0096509F /* PBXContainerItemProxy */ = {
			isa = PBXContainerItemProxy;
			containerPortal = E31EB366235B547D0096509F /* Project object */;
			proxyType = 1;
			remoteGlobalIDString = E31EB36D235B547D0096509F;
			remoteInfo = prototype;
		};
/* End PBXContainerItemProxy section */

/* Begin PBXFileReference section */
		E31EB36E235B547D0096509F /* prototype.app */ = {isa = PBXFileReference; explicitFileType = wrapper.application; includeInIndex = 0; path = prototype.app; sourceTree = BUILT_PRODUCTS_DIR; };
		E31EB371235B547D0096509F /* AppDelegate.swift */ = {isa = PBXFileReference; lastKnownFileType = sourcecode.swift; path = AppDelegate.swift; sourceTree = "<group>"; };
		E31EB373235B547D0096509F /* ViewController.swift */ = {isa = PBXFileReference; lastKnownFileType = sourcecode.swift; path = ViewController.swift; sourceTree = "<group>"; };
		E31EB376235B547D0096509F /* Base */ = {isa = PBXFileReference; lastKnownFileType = file.storyboard; name = Base; path = Base.lproj/Main.storyboard; sourceTree = "<group>"; };
		E31EB378235B547E0096509F /* Assets.xcassets */ = {isa = PBXFileReference; lastKnownFileType = folder.assetcatalog; path = Assets.xcassets; sourceTree = "<group>"; };
		E31EB37B235B547E0096509F /* Base */ = {isa = PBXFileReference; lastKnownFileType = file.storyboard; name = Base; path = Base.lproj/LaunchScreen.storyboard; sourceTree = "<group>"; };
		E31EB37D235B547E0096509F /* Info.plist */ = {isa = PBXFileReference; lastKnownFileType = text.plist.xml; path = Info.plist; sourceTree = "<group>"; };
		E31EB382235B547E0096509F /* prototypeTests.xctest */ = {isa = PBXFileReference; explicitFileType = wrapper.cfbundle; includeInIndex = 0; path = prototypeTests.xctest; sourceTree = BUILT_PRODUCTS_DIR; };
		E31EB386235B547E0096509F /* prototypeTests.swift */ = {isa = PBXFileReference; lastKnownFileType = sourcecode.swift; path = prototypeTests.swift; sourceTree = "<group>"; };
		E31EB388235B547E0096509F /* Info.plist */ = {isa = PBXFileReference; lastKnownFileType = text.plist.xml; path = Info.plist; sourceTree = "<group>"; };
		E33390A523788F9900E5E2C9 /* MenuViewController.swift */ = {isa = PBXFileReference; lastKnownFileType = sourcecode.swift; path = MenuViewController.swift; sourceTree = "<group>"; };
		E38D7EDC235B62FD00ADACA8 /* stressReliefViewController.swift */ = {isa = PBXFileReference; lastKnownFileType = sourcecode.swift; path = stressReliefViewController.swift; sourceTree = "<group>"; };
		E38D7EDE235B672700ADACA8 /* FoodViewController.swift */ = {isa = PBXFileReference; lastKnownFileType = sourcecode.swift; path = FoodViewController.swift; sourceTree = "<group>"; };
		E38D7EE0235B69A200ADACA8 /* ActivitiesViewController.swift */ = {isa = PBXFileReference; lastKnownFileType = sourcecode.swift; path = ActivitiesViewController.swift; sourceTree = "<group>"; };
		E38D7EE2235B6A4E00ADACA8 /* MapViewController.swift */ = {isa = PBXFileReference; lastKnownFileType = sourcecode.swift; path = MapViewController.swift; sourceTree = "<group>"; };
		E38D7EE4235B6A6000ADACA8 /* ChatViewController.swift */ = {isa = PBXFileReference; lastKnownFileType = sourcecode.swift; path = ChatViewController.swift; sourceTree = "<group>"; };
		E3DAB8752379F301001BAE4C /* youngEventsViewController.swift */ = {isa = PBXFileReference; lastKnownFileType = sourcecode.swift; path = youngEventsViewController.swift; sourceTree = "<group>"; };
		E3DAB8772379F9AB001BAE4C /* StarbucksViewController.swift */ = {isa = PBXFileReference; lastKnownFileType = sourcecode.swift; path = StarbucksViewController.swift; sourceTree = "<group>"; };
		E3DAB8792379FD6E001BAE4C /* GetawayFoodViewController.swift */ = {isa = PBXFileReference; lastKnownFileType = sourcecode.swift; path = GetawayFoodViewController.swift; sourceTree = "<group>"; };
		E3DAB87B2379FD81001BAE4C /* SubwayViewController.swift */ = {isa = PBXFileReference; lastKnownFileType = sourcecode.swift; path = SubwayViewController.swift; sourceTree = "<group>"; };
		E3DAB87D2379FD8E001BAE4C /* EinsteinViewController.swift */ = {isa = PBXFileReference; lastKnownFileType = sourcecode.swift; path = EinsteinViewController.swift; sourceTree = "<group>"; };
		EB621D0C2360CB0C00788620 /* cafes.swift */ = {isa = PBXFileReference; lastKnownFileType = sourcecode.swift; path = cafes.swift; sourceTree = "<group>"; };
/* End PBXFileReference section */

/* Begin PBXFrameworksBuildPhase section */
		E31EB36B235B547D0096509F /* Frameworks */ = {
			isa = PBXFrameworksBuildPhase;
			buildActionMask = 2147483647;
			files = (
			);
			runOnlyForDeploymentPostprocessing = 0;
		};
		E31EB37F235B547E0096509F /* Frameworks */ = {
			isa = PBXFrameworksBuildPhase;
			buildActionMask = 2147483647;
			files = (
			);
			runOnlyForDeploymentPostprocessing = 0;
		};
/* End PBXFrameworksBuildPhase section */

/* Begin PBXGroup section */
		E31EB365235B547D0096509F = {
			isa = PBXGroup;
			children = (
				E31EB370235B547D0096509F /* prototype */,
				E31EB385235B547E0096509F /* prototypeTests */,
				E31EB36F235B547D0096509F /* Products */,
			);
			sourceTree = "<group>";
		};
		E31EB36F235B547D0096509F /* Products */ = {
			isa = PBXGroup;
			children = (
				E31EB36E235B547D0096509F /* prototype.app */,
				E31EB382235B547E0096509F /* prototypeTests.xctest */,
			);
			name = Products;
			sourceTree = "<group>";
		};
		E31EB370235B547D0096509F /* prototype */ = {
			isa = PBXGroup;
			children = (
				E31EB371235B547D0096509F /* AppDelegate.swift */,
				E31EB373235B547D0096509F /* ViewController.swift */,
				E38D7EDC235B62FD00ADACA8 /* stressReliefViewController.swift */,
				E31EB375235B547D0096509F /* Main.storyboard */,
				E3DAB8752379F301001BAE4C /* youngEventsViewController.swift */,
				E38D7EE4235B6A6000ADACA8 /* ChatViewController.swift */,
				E38D7EE0235B69A200ADACA8 /* ActivitiesViewController.swift */,
				E38D7EE2235B6A4E00ADACA8 /* MapViewController.swift */,
				E33390A523788F9900E5E2C9 /* MenuViewController.swift */,
				E38D7EDE235B672700ADACA8 /* FoodViewController.swift */,
				E3DAB8772379F9AB001BAE4C /* StarbucksViewController.swift */,
				E3DAB8792379FD6E001BAE4C /* GetawayFoodViewController.swift */,
				E3DAB87B2379FD81001BAE4C /* SubwayViewController.swift */,
				E3DAB87D2379FD8E001BAE4C /* EinsteinViewController.swift */,
				E31EB378235B547E0096509F /* Assets.xcassets */,
				E31EB37A235B547E0096509F /* LaunchScreen.storyboard */,
				E31EB37D235B547E0096509F /* Info.plist */,
				EB621D0C2360CB0C00788620 /* cafes.swift */,
			);
			path = prototype;
			sourceTree = "<group>";
		};
		E31EB385235B547E0096509F /* prototypeTests */ = {
			isa = PBXGroup;
			children = (
				E31EB386235B547E0096509F /* prototypeTests.swift */,
				E31EB388235B547E0096509F /* Info.plist */,
			);
			path = prototypeTests;
			sourceTree = "<group>";
		};
/* End PBXGroup section */

/* Begin PBXNativeTarget section */
		E31EB36D235B547D0096509F /* prototype */ = {
			isa = PBXNativeTarget;
			buildConfigurationList = E31EB38B235B547E0096509F /* Build configuration list for PBXNativeTarget "prototype" */;
			buildPhases = (
				E31EB36A235B547D0096509F /* Sources */,
				E31EB36B235B547D0096509F /* Frameworks */,
				E31EB36C235B547D0096509F /* Resources */,
			);
			buildRules = (
			);
			dependencies = (
			);
			name = prototype;
			productName = prototype;
			productReference = E31EB36E235B547D0096509F /* prototype.app */;
			productType = "com.apple.product-type.application";
		};
		E31EB381235B547E0096509F /* prototypeTests */ = {
			isa = PBXNativeTarget;
			buildConfigurationList = E31EB38E235B547E0096509F /* Build configuration list for PBXNativeTarget "prototypeTests" */;
			buildPhases = (
				E31EB37E235B547E0096509F /* Sources */,
				E31EB37F235B547E0096509F /* Frameworks */,
				E31EB380235B547E0096509F /* Resources */,
			);
			buildRules = (
			);
			dependencies = (
				E31EB384235B547E0096509F /* PBXTargetDependency */,
			);
			name = prototypeTests;
			productName = prototypeTests;
			productReference = E31EB382235B547E0096509F /* prototypeTests.xctest */;
			productType = "com.apple.product-type.bundle.unit-test";
		};
/* End PBXNativeTarget section */

/* Begin PBXProject section */
		E31EB366235B547D0096509F /* Project object */ = {
			isa = PBXProject;
			attributes = {
				LastSwiftUpdateCheck = 1030;
				LastUpgradeCheck = 1030;
				ORGANIZATIONNAME = "Izzy Koningstein";
				TargetAttributes = {
					E31EB36D235B547D0096509F = {
						CreatedOnToolsVersion = 10.3;
					};
					E31EB381235B547E0096509F = {
						CreatedOnToolsVersion = 10.3;
						TestTargetID = E31EB36D235B547D0096509F;
					};
				};
			};
			buildConfigurationList = E31EB369235B547D0096509F /* Build configuration list for PBXProject "prototype" */;
			compatibilityVersion = "Xcode 9.3";
			developmentRegion = en;
			hasScannedForEncodings = 0;
			knownRegions = (
				en,
				Base,
			);
			mainGroup = E31EB365235B547D0096509F;
			productRefGroup = E31EB36F235B547D0096509F /* Products */;
			projectDirPath = "";
			projectRoot = "";
			targets = (
				E31EB36D235B547D0096509F /* prototype */,
				E31EB381235B547E0096509F /* prototypeTests */,
			);
		};
/* End PBXProject section */

/* Begin PBXResourcesBuildPhase section */
		E31EB36C235B547D0096509F /* Resources */ = {
			isa = PBXResourcesBuildPhase;
			buildActionMask = 2147483647;
			files = (
				E31EB37C235B547E0096509F /* LaunchScreen.storyboard in Resources */,
				E31EB379235B547E0096509F /* Assets.xcassets in Resources */,
				E31EB377235B547D0096509F /* Main.storyboard in Resources */,
			);
			runOnlyForDeploymentPostprocessing = 0;
		};
		E31EB380235B547E0096509F /* Resources */ = {
			isa = PBXResourcesBuildPhase;
			buildActionMask = 2147483647;
			files = (
			);
			runOnlyForDeploymentPostprocessing = 0;
		};
/* End PBXResourcesBuildPhase section */

/* Begin PBXSourcesBuildPhase section */
		E31EB36A235B547D0096509F /* Sources */ = {
			isa = PBXSourcesBuildPhase;
			buildActionMask = 2147483647;
			files = (
				EB621D0D2360CB0C00788620 /* cafes.swift in Sources */,
				E38D7EDD235B62FD00ADACA8 /* stressReliefViewController.swift in Sources */,
				E3DAB8782379F9AB001BAE4C /* StarbucksViewController.swift in Sources */,
				E3DAB87A2379FD6E001BAE4C /* GetawayFoodViewController.swift in Sources */,
				E38D7EE3235B6A4E00ADACA8 /* MapViewController.swift in Sources */,
				E31EB374235B547D0096509F /* ViewController.swift in Sources */,
				E3DAB8762379F301001BAE4C /* youngEventsViewController.swift in Sources */,
				E3DAB87E2379FD8E001BAE4C /* EinsteinViewController.swift in Sources */,
				E33390A623788F9900E5E2C9 /* MenuViewController.swift in Sources */,
				E38D7EE5235B6A6000ADACA8 /* ChatViewController.swift in Sources */,
				E3DAB87C2379FD81001BAE4C /* SubwayViewController.swift in Sources */,
				E38D7EE1235B69A200ADACA8 /* ActivitiesViewController.swift in Sources */,
				E38D7EDF235B672700ADACA8 /* FoodViewController.swift in Sources */,
				E31EB372235B547D0096509F /* AppDelegate.swift in Sources */,
			);
			runOnlyForDeploymentPostprocessing = 0;
		};
		E31EB37E235B547E0096509F /* Sources */ = {
			isa = PBXSourcesBuildPhase;
			buildActionMask = 2147483647;
			files = (
				E31EB387235B547E0096509F /* prototypeTests.swift in Sources */,
			);
			runOnlyForDeploymentPostprocessing = 0;
		};
/* End PBXSourcesBuildPhase section */

/* Begin PBXTargetDependency section */
		E31EB384235B547E0096509F /* PBXTargetDependency */ = {
			isa = PBXTargetDependency;
			target = E31EB36D235B547D0096509F /* prototype */;
			targetProxy = E31EB383235B547E0096509F /* PBXContainerItemProxy */;
		};
/* End PBXTargetDependency section */

/* Begin PBXVariantGroup section */
		E31EB375235B547D0096509F /* Main.storyboard */ = {
			isa = PBXVariantGroup;
			children = (
				E31EB376235B547D0096509F /* Base */,
			);
			name = Main.storyboard;
			sourceTree = "<group>";
		};
		E31EB37A235B547E0096509F /* LaunchScreen.storyboard */ = {
			isa = PBXVariantGroup;
			children = (
				E31EB37B235B547E0096509F /* Base */,
			);
			name = LaunchScreen.storyboard;
			sourceTree = "<group>";
		};
/* End PBXVariantGroup section */

/* Begin XCBuildConfiguration section */
		E31EB389235B547E0096509F /* Debug */ = {
			isa = XCBuildConfiguration;
			buildSettings = {
				ALWAYS_SEARCH_USER_PATHS = NO;
				CLANG_ANALYZER_NONNULL = YES;
				CLANG_ANALYZER_NUMBER_OBJECT_CONVERSION = YES_AGGRESSIVE;
				CLANG_CXX_LANGUAGE_STANDARD = "gnu++14";
				CLANG_CXX_LIBRARY = "libc++";
				CLANG_ENABLE_MODULES = YES;
				CLANG_ENABLE_OBJC_ARC = YES;
				CLANG_ENABLE_OBJC_WEAK = YES;
				CLANG_WARN_BLOCK_CAPTURE_AUTORELEASING = YES;
				CLANG_WARN_BOOL_CONVERSION = YES;
				CLANG_WARN_COMMA = YES;
				CLANG_WARN_CONSTANT_CONVERSION = YES;
				CLANG_WARN_DEPRECATED_OBJC_IMPLEMENTATIONS = YES;
				CLANG_WARN_DIRECT_OBJC_ISA_USAGE = YES_ERROR;
				CLANG_WARN_DOCUMENTATION_COMMENTS = YES;
				CLANG_WARN_EMPTY_BODY = YES;
				CLANG_WARN_ENUM_CONVERSION = YES;
				CLANG_WARN_INFINITE_RECURSION = YES;
				CLANG_WARN_INT_CONVERSION = YES;
				CLANG_WARN_NON_LITERAL_NULL_CONVERSION = YES;
				CLANG_WARN_OBJC_IMPLICIT_RETAIN_SELF = YES;
				CLANG_WARN_OBJC_LITERAL_CONVERSION = YES;
				CLANG_WARN_OBJC_ROOT_CLASS = YES_ERROR;
				CLANG_WARN_RANGE_LOOP_ANALYSIS = YES;
				CLANG_WARN_STRICT_PROTOTYPES = YES;
				CLANG_WARN_SUSPICIOUS_MOVE = YES;
				CLANG_WARN_UNGUARDED_AVAILABILITY = YES_AGGRESSIVE;
				CLANG_WARN_UNREACHABLE_CODE = YES;
				CLANG_WARN__DUPLICATE_METHOD_MATCH = YES;
				CODE_SIGN_IDENTITY = "iPhone Developer";
				COPY_PHASE_STRIP = NO;
				DEBUG_INFORMATION_FORMAT = dwarf;
				ENABLE_STRICT_OBJC_MSGSEND = YES;
				ENABLE_TESTABILITY = YES;
				GCC_C_LANGUAGE_STANDARD = gnu11;
				GCC_DYNAMIC_NO_PIC = NO;
				GCC_NO_COMMON_BLOCKS = YES;
				GCC_OPTIMIZATION_LEVEL = 0;
				GCC_PREPROCESSOR_DEFINITIONS = (
					"DEBUG=1",
					"$(inherited)",
				);
				GCC_WARN_64_TO_32_BIT_CONVERSION = YES;
				GCC_WARN_ABOUT_RETURN_TYPE = YES_ERROR;
				GCC_WARN_UNDECLARED_SELECTOR = YES;
				GCC_WARN_UNINITIALIZED_AUTOS = YES_AGGRESSIVE;
				GCC_WARN_UNUSED_FUNCTION = YES;
				GCC_WARN_UNUSED_VARIABLE = YES;
				IPHONEOS_DEPLOYMENT_TARGET = 12.4;
				MTL_ENABLE_DEBUG_INFO = INCLUDE_SOURCE;
				MTL_FAST_MATH = YES;
				ONLY_ACTIVE_ARCH = YES;
				SDKROOT = iphoneos;
				SWIFT_ACTIVE_COMPILATION_CONDITIONS = DEBUG;
				SWIFT_OPTIMIZATION_LEVEL = "-Onone";
			};
			name = Debug;
		};
		E31EB38A235B547E0096509F /* Release */ = {
			isa = XCBuildConfiguration;
			buildSettings = {
				ALWAYS_SEARCH_USER_PATHS = NO;
				CLANG_ANALYZER_NONNULL = YES;
				CLANG_ANALYZER_NUMBER_OBJECT_CONVERSION = YES_AGGRESSIVE;
				CLANG_CXX_LANGUAGE_STANDARD = "gnu++14";
				CLANG_CXX_LIBRARY = "libc++";
				CLANG_ENABLE_MODULES = YES;
				CLANG_ENABLE_OBJC_ARC = YES;
				CLANG_ENABLE_OBJC_WEAK = YES;
				CLANG_WARN_BLOCK_CAPTURE_AUTORELEASING = YES;
				CLANG_WARN_BOOL_CONVERSION = YES;
				CLANG_WARN_COMMA = YES;
				CLANG_WARN_CONSTANT_CONVERSION = YES;
				CLANG_WARN_DEPRECATED_OBJC_IMPLEMENTATIONS = YES;
				CLANG_WARN_DIRECT_OBJC_ISA_USAGE = YES_ERROR;
				CLANG_WARN_DOCUMENTATION_COMMENTS = YES;
				CLANG_WARN_EMPTY_BODY = YES;
				CLANG_WARN_ENUM_CONVERSION = YES;
				CLANG_WARN_INFINITE_RECURSION = YES;
				CLANG_WARN_INT_CONVERSION = YES;
				CLANG_WARN_NON_LITERAL_NULL_CONVERSION = YES;
				CLANG_WARN_OBJC_IMPLICIT_RETAIN_SELF = YES;
				CLANG_WARN_OBJC_LITERAL_CONVERSION = YES;
				CLANG_WARN_OBJC_ROOT_CLASS = YES_ERROR;
				CLANG_WARN_RANGE_LOOP_ANALYSIS = YES;
				CLANG_WARN_STRICT_PROTOTYPES = YES;
				CLANG_WARN_SUSPICIOUS_MOVE = YES;
				CLANG_WARN_UNGUARDED_AVAILABILITY = YES_AGGRESSIVE;
				CLANG_WARN_UNREACHABLE_CODE = YES;
				CLANG_WARN__DUPLICATE_METHOD_MATCH = YES;
				CODE_SIGN_IDENTITY = "iPhone Developer";
				COPY_PHASE_STRIP = NO;
				DEBUG_INFORMATION_FORMAT = "dwarf-with-dsym";
				ENABLE_NS_ASSERTIONS = NO;
				ENABLE_STRICT_OBJC_MSGSEND = YES;
				GCC_C_LANGUAGE_STANDARD = gnu11;
				GCC_NO_COMMON_BLOCKS = YES;
				GCC_WARN_64_TO_32_BIT_CONVERSION = YES;
				GCC_WARN_ABOUT_RETURN_TYPE = YES_ERROR;
				GCC_WARN_UNDECLARED_SELECTOR = YES;
				GCC_WARN_UNINITIALIZED_AUTOS = YES_AGGRESSIVE;
				GCC_WARN_UNUSED_FUNCTION = YES;
				GCC_WARN_UNUSED_VARIABLE = YES;
				IPHONEOS_DEPLOYMENT_TARGET = 12.4;
				MTL_ENABLE_DEBUG_INFO = NO;
				MTL_FAST_MATH = YES;
				SDKROOT = iphoneos;
				SWIFT_COMPILATION_MODE = wholemodule;
				SWIFT_OPTIMIZATION_LEVEL = "-O";
				VALIDATE_PRODUCT = YES;
			};
			name = Release;
		};
		E31EB38C235B547E0096509F /* Debug */ = {
			isa = XCBuildConfiguration;
			buildSettings = {
				ASSETCATALOG_COMPILER_APPICON_NAME = AppIcon;
				CODE_SIGN_STYLE = Automatic;
				INFOPLIST_FILE = prototype/Info.plist;
				LD_RUNPATH_SEARCH_PATHS = (
					"$(inherited)",
					"@executable_path/Frameworks",
				);
				PRODUCT_BUNDLE_IDENTIFIER = edu.umich.edu.izzyk.prototype;
				PRODUCT_NAME = "$(TARGET_NAME)";
				SWIFT_VERSION = 5.0;
				TARGETED_DEVICE_FAMILY = "1,2";
			};
			name = Debug;
		};
		E31EB38D235B547E0096509F /* Release */ = {
			isa = XCBuildConfiguration;
			buildSettings = {
				ASSETCATALOG_COMPILER_APPICON_NAME = AppIcon;
				CODE_SIGN_STYLE = Automatic;
				INFOPLIST_FILE = prototype/Info.plist;
				LD_RUNPATH_SEARCH_PATHS = (
					"$(inherited)",
					"@executable_path/Frameworks",
				);
				PRODUCT_BUNDLE_IDENTIFIER = edu.umich.edu.izzyk.prototype;
				PRODUCT_NAME = "$(TARGET_NAME)";
				SWIFT_VERSION = 5.0;
				TARGETED_DEVICE_FAMILY = "1,2";
			};
			name = Release;
		};
		E31EB38F235B547E0096509F /* Debug */ = {
			isa = XCBuildConfiguration;
			buildSettings = {
				ALWAYS_EMBED_SWIFT_STANDARD_LIBRARIES = YES;
				BUNDLE_LOADER = "$(TEST_HOST)";
				CODE_SIGN_STYLE = Automatic;
				INFOPLIST_FILE = prototypeTests/Info.plist;
				LD_RUNPATH_SEARCH_PATHS = (
					"$(inherited)",
					"@executable_path/Frameworks",
					"@loader_path/Frameworks",
				);
				PRODUCT_BUNDLE_IDENTIFIER = edu.umich.edu.izzyk.prototypeTests;
				PRODUCT_NAME = "$(TARGET_NAME)";
				SWIFT_VERSION = 5.0;
				TARGETED_DEVICE_FAMILY = "1,2";
				TEST_HOST = "$(BUILT_PRODUCTS_DIR)/prototype.app/prototype";
			};
			name = Debug;
		};
		E31EB390235B547E0096509F /* Release */ = {
			isa = XCBuildConfiguration;
			buildSettings = {
				ALWAYS_EMBED_SWIFT_STANDARD_LIBRARIES = YES;
				BUNDLE_LOADER = "$(TEST_HOST)";
				CODE_SIGN_STYLE = Automatic;
				INFOPLIST_FILE = prototypeTests/Info.plist;
				LD_RUNPATH_SEARCH_PATHS = (
					"$(inherited)",
					"@executable_path/Frameworks",
					"@loader_path/Frameworks",
				);
				PRODUCT_BUNDLE_IDENTIFIER = edu.umich.edu.izzyk.prototypeTests;
				PRODUCT_NAME = "$(TARGET_NAME)";
				SWIFT_VERSION = 5.0;
				TARGETED_DEVICE_FAMILY = "1,2";
				TEST_HOST = "$(BUILT_PRODUCTS_DIR)/prototype.app/prototype";
			};
			name = Release;
		};
/* End XCBuildConfiguration section */

/* Begin XCConfigurationList section */
		E31EB369235B547D0096509F /* Build configuration list for PBXProject "prototype" */ = {
			isa = XCConfigurationList;
			buildConfigurations = (
				E31EB389235B547E0096509F /* Debug */,
				E31EB38A235B547E0096509F /* Release */,
			);
			defaultConfigurationIsVisible = 0;
			defaultConfigurationName = Release;
		};
		E31EB38B235B547E0096509F /* Build configuration list for PBXNativeTarget "prototype" */ = {
			isa = XCConfigurationList;
			buildConfigurations = (
				E31EB38C235B547E0096509F /* Debug */,
				E31EB38D235B547E0096509F /* Release */,
			);
			defaultConfigurationIsVisible = 0;
			defaultConfigurationName = Release;
		};
		E31EB38E235B547E0096509F /* Build configuration list for PBXNativeTarget "prototypeTests" */ = {
			isa = XCConfigurationList;
			buildConfigurations = (
				E31EB38F235B547E0096509F /* Debug */,
				E31EB390235B547E0096509F /* Release */,
			);
			defaultConfigurationIsVisible = 0;
			defaultConfigurationName = Release;
		};
/* End XCConfigurationList section */
	};
	rootObject = E31EB366235B547D0096509F /* Project object */;
}
